
Microsoft Visual Studio Solution File, Format Version 12.00
# Visual Studio Version 16
VisualStudioVersion = 16.0.30011.22
MinimumVisualStudioVersion = 10.0.40219.1
Project("{FAE04EC0-301F-11D3-BF4B-00C04F79EFBC}") = "studentlist", "studentlist\studentlist.csproj", "{EA34CB4B-AFB4-4F18-BBCE-984A65A0201F}"
EndProject
Global
	GlobalSection(SolutionConfigurationPlatforms) = preSolution
		Debug|Any CPU = Debug|Any CPU
		Release|Any CPU = Release|Any CPU
	EndGlobalSection
	GlobalSection(ProjectConfigurationPlatforms) = postSolution
		{EA34CB4B-AFB4-4F18-BBCE-984A65A0201F}.Debug|Any CPU.ActiveCfg = Debug|Any CPU
		{EA34CB4B-AFB4-4F18-BBCE-984A65A0201F}.Debug|Any CPU.Build.0 = Debug|Any CPU
		{EA34CB4B-AFB4-4F18-BBCE-984A65A0201F}.Release|Any CPU.ActiveCfg = Release|Any CPU
		{EA34CB4B-AFB4-4F18-BBCE-984A65A0201F}.Release|Any CPU.Build.0 = Release|Any CPU
	EndGlobalSection
	GlobalSection(SolutionProperties) = preSolution
		HideSolutionNode = FALSE
	EndGlobalSection
	GlobalSection(ExtensibilityGlobals) = postSolution
		SolutionGuid = {D6EF88A5-9AB7-4649-A3CC-6C03143E3574}
	EndGlobalSection
EndGlobal
